// !$*UTF8*$!
{
	archiveVersion = 1;
	classes = {
	};
	objectVersion = 56;
	objects = {

/* Begin PBXBuildFile section */
		B360C6DE2BE22424003BD659 /* TouchdownApp.swift in Sources */ = {isa = PBXBuildFile; fileRef = B360C6DD2BE22424003BD659 /* TouchdownApp.swift */; };
		B360C6E02BE22424003BD659 /* ContentView.swift in Sources */ = {isa = PBXBuildFile; fileRef = B360C6DF2BE22424003BD659 /* ContentView.swift */; };
		B360C6E22BE22424003BD659 /* Assets.xcassets in Resources */ = {isa = PBXBuildFile; fileRef = B360C6E12BE22424003BD659 /* Assets.xcassets */; };
		B360C6E52BE22424003BD659 /* Preview Assets.xcassets in Resources */ = {isa = PBXBuildFile; fileRef = B360C6E42BE22424003BD659 /* Preview Assets.xcassets */; };
		B360C6EC2BE2246F003BD659 /* SwiftUI-App-Workbook-Touchdown.pdf in Resources */ = {isa = PBXBuildFile; fileRef = B360C6EB2BE2246F003BD659 /* SwiftUI-App-Workbook-Touchdown.pdf */; };
		B360C6F12BE22645003BD659 /* brand.json in Resources */ = {isa = PBXBuildFile; fileRef = B360C6ED2BE22645003BD659 /* brand.json */; };
		B360C6F22BE22645003BD659 /* player.json in Resources */ = {isa = PBXBuildFile; fileRef = B360C6EE2BE22645003BD659 /* player.json */; };
		B360C6F32BE22645003BD659 /* category.json in Resources */ = {isa = PBXBuildFile; fileRef = B360C6EF2BE22645003BD659 /* category.json */; };
		B360C6F42BE22645003BD659 /* product.json in Resources */ = {isa = PBXBuildFile; fileRef = B360C6F02BE22645003BD659 /* product.json */; };
		B360C6FF2BE2285D003BD659 /* Constant.swift in Sources */ = {isa = PBXBuildFile; fileRef = B360C6FE2BE2285D003BD659 /* Constant.swift */; };
		B360C7012BE229B0003BD659 /* FooterView.swift in Sources */ = {isa = PBXBuildFile; fileRef = B360C7002BE229B0003BD659 /* FooterView.swift */; };
		B360C7032BE22DF0003BD659 /* NavigationBarView.swift in Sources */ = {isa = PBXBuildFile; fileRef = B360C7022BE22DF0003BD659 /* NavigationBarView.swift */; };
		B360C7052BE23174003BD659 /* LogoView.swift in Sources */ = {isa = PBXBuildFile; fileRef = B360C7042BE23174003BD659 /* LogoView.swift */; };
		B360C7072BE23E7B003BD659 /* PlayerModel.swift in Sources */ = {isa = PBXBuildFile; fileRef = B360C7062BE23E7B003BD659 /* PlayerModel.swift */; };
		B360C7092BE23EF3003BD659 /* CodableBundleExtension.swift in Sources */ = {isa = PBXBuildFile; fileRef = B360C7082BE23EF3003BD659 /* CodableBundleExtension.swift */; };
		B360C70B2BE24219003BD659 /* FeaturedItemView.swift in Sources */ = {isa = PBXBuildFile; fileRef = B360C70A2BE24219003BD659 /* FeaturedItemView.swift */; };
		B360C70D2BE243AF003BD659 /* FeaturedTabView.swift in Sources */ = {isa = PBXBuildFile; fileRef = B360C70C2BE243AF003BD659 /* FeaturedTabView.swift */; };
		B360C70F2BE247B8003BD659 /* CategoryModel.swift in Sources */ = {isa = PBXBuildFile; fileRef = B360C70E2BE247B8003BD659 /* CategoryModel.swift */; };
		B360C7112BE24A9E003BD659 /* CategoryItemView.swift in Sources */ = {isa = PBXBuildFile; fileRef = B360C7102BE24A9E003BD659 /* CategoryItemView.swift */; };
		B360C7132BE25043003BD659 /* CategoryGridView.swift in Sources */ = {isa = PBXBuildFile; fileRef = B360C7122BE25043003BD659 /* CategoryGridView.swift */; };
		B360C7152BE25355003BD659 /* SectionView.swift in Sources */ = {isa = PBXBuildFile; fileRef = B360C7142BE25355003BD659 /* SectionView.swift */; };
/* End PBXBuildFile section */

/* Begin PBXFileReference section */
		B360C6DA2BE22424003BD659 /* Touchdown.app */ = {isa = PBXFileReference; explicitFileType = wrapper.application; includeInIndex = 0; path = Touchdown.app; sourceTree = BUILT_PRODUCTS_DIR; };
		B360C6DD2BE22424003BD659 /* TouchdownApp.swift */ = {isa = PBXFileReference; lastKnownFileType = sourcecode.swift; path = TouchdownApp.swift; sourceTree = "<group>"; };
		B360C6DF2BE22424003BD659 /* ContentView.swift */ = {isa = PBXFileReference; lastKnownFileType = sourcecode.swift; path = ContentView.swift; sourceTree = "<group>"; };
		B360C6E12BE22424003BD659 /* Assets.xcassets */ = {isa = PBXFileReference; lastKnownFileType = folder.assetcatalog; path = Assets.xcassets; sourceTree = "<group>"; };
		B360C6E42BE22424003BD659 /* Preview Assets.xcassets */ = {isa = PBXFileReference; lastKnownFileType = folder.assetcatalog; path = "Preview Assets.xcassets"; sourceTree = "<group>"; };
		B360C6EB2BE2246F003BD659 /* SwiftUI-App-Workbook-Touchdown.pdf */ = {isa = PBXFileReference; lastKnownFileType = image.pdf; path = "SwiftUI-App-Workbook-Touchdown.pdf"; sourceTree = "<group>"; };
		B360C6ED2BE22645003BD659 /* brand.json */ = {isa = PBXFileReference; fileEncoding = 4; lastKnownFileType = text.json; path = brand.json; sourceTree = "<group>"; };
		B360C6EE2BE22645003BD659 /* player.json */ = {isa = PBXFileReference; fileEncoding = 4; lastKnownFileType = text.json; path = player.json; sourceTree = "<group>"; };
		B360C6EF2BE22645003BD659 /* category.json */ = {isa = PBXFileReference; fileEncoding = 4; lastKnownFileType = text.json; path = category.json; sourceTree = "<group>"; };
		B360C6F02BE22645003BD659 /* product.json */ = {isa = PBXFileReference; fileEncoding = 4; lastKnownFileType = text.json; path = product.json; sourceTree = "<group>"; };
		B360C6F92BE226F5003BD659 /* Info.plist */ = {isa = PBXFileReference; lastKnownFileType = text.plist; path = Info.plist; sourceTree = "<group>"; };
		B360C6FE2BE2285D003BD659 /* Constant.swift */ = {isa = PBXFileReference; lastKnownFileType = sourcecode.swift; path = Constant.swift; sourceTree = "<group>"; };
		B360C7002BE229B0003BD659 /* FooterView.swift */ = {isa = PBXFileReference; lastKnownFileType = sourcecode.swift; path = FooterView.swift; sourceTree = "<group>"; };
		B360C7022BE22DF0003BD659 /* NavigationBarView.swift */ = {isa = PBXFileReference; lastKnownFileType = sourcecode.swift; path = NavigationBarView.swift; sourceTree = "<group>"; };
		B360C7042BE23174003BD659 /* LogoView.swift */ = {isa = PBXFileReference; lastKnownFileType = sourcecode.swift; path = LogoView.swift; sourceTree = "<group>"; };
		B360C7062BE23E7B003BD659 /* PlayerModel.swift */ = {isa = PBXFileReference; lastKnownFileType = sourcecode.swift; path = PlayerModel.swift; sourceTree = "<group>"; };
		B360C7082BE23EF3003BD659 /* CodableBundleExtension.swift */ = {isa = PBXFileReference; lastKnownFileType = sourcecode.swift; path = CodableBundleExtension.swift; sourceTree = "<group>"; };
		B360C70A2BE24219003BD659 /* FeaturedItemView.swift */ = {isa = PBXFileReference; lastKnownFileType = sourcecode.swift; path = FeaturedItemView.swift; sourceTree = "<group>"; };
		B360C70C2BE243AF003BD659 /* FeaturedTabView.swift */ = {isa = PBXFileReference; lastKnownFileType = sourcecode.swift; path = FeaturedTabView.swift; sourceTree = "<group>"; };
		B360C70E2BE247B8003BD659 /* CategoryModel.swift */ = {isa = PBXFileReference; lastKnownFileType = sourcecode.swift; path = CategoryModel.swift; sourceTree = "<group>"; };
		B360C7102BE24A9E003BD659 /* CategoryItemView.swift */ = {isa = PBXFileReference; lastKnownFileType = sourcecode.swift; path = CategoryItemView.swift; sourceTree = "<group>"; };
		B360C7122BE25043003BD659 /* CategoryGridView.swift */ = {isa = PBXFileReference; lastKnownFileType = sourcecode.swift; path = CategoryGridView.swift; sourceTree = "<group>"; };
		B360C7142BE25355003BD659 /* SectionView.swift */ = {isa = PBXFileReference; lastKnownFileType = sourcecode.swift; path = SectionView.swift; sourceTree = "<group>"; };
/* End PBXFileReference section */

/* Begin PBXFrameworksBuildPhase section */
		B360C6D72BE22424003BD659 /* Frameworks */ = {
			isa = PBXFrameworksBuildPhase;
			buildActionMask = 2147483647;
			files = (
			);
			runOnlyForDeploymentPostprocessing = 0;
		};
/* End PBXFrameworksBuildPhase section */

/* Begin PBXGroup section */
		B360C6D12BE22424003BD659 = {
			isa = PBXGroup;
			children = (
				B360C6DC2BE22424003BD659 /* Touchdown */,
				B360C6DB2BE22424003BD659 /* Products */,
			);
			sourceTree = "<group>";
		};
		B360C6DB2BE22424003BD659 /* Products */ = {
			isa = PBXGroup;
			children = (
				B360C6DA2BE22424003BD659 /* Touchdown.app */,
			);
			name = Products;
			sourceTree = "<group>";
		};
		B360C6DC2BE22424003BD659 /* Touchdown */ = {
			isa = PBXGroup;
			children = (
				B360C6F92BE226F5003BD659 /* Info.plist */,
				B360C6F52BE22663003BD659 /* Data */,
				B360C6F72BE22690003BD659 /* App */,
				B360C6F82BE22696003BD659 /* View */,
				B360C6F62BE22685003BD659 /* Model */,
				B360C6FC2BE2280E003BD659 /* Extension */,
				B360C6FD2BE2281E003BD659 /* Utility */,
				B360C6E12BE22424003BD659 /* Assets.xcassets */,
				B360C6E32BE22424003BD659 /* Preview Content */,
			);
			path = Touchdown;
			sourceTree = "<group>";
		};
		B360C6E32BE22424003BD659 /* Preview Content */ = {
			isa = PBXGroup;
			children = (
				B360C6EB2BE2246F003BD659 /* SwiftUI-App-Workbook-Touchdown.pdf */,
				B360C6E42BE22424003BD659 /* Preview Assets.xcassets */,
			);
			path = "Preview Content";
			sourceTree = "<group>";
		};
		B360C6F52BE22663003BD659 /* Data */ = {
			isa = PBXGroup;
			children = (
				B360C6ED2BE22645003BD659 /* brand.json */,
				B360C6EF2BE22645003BD659 /* category.json */,
				B360C6EE2BE22645003BD659 /* player.json */,
				B360C6F02BE22645003BD659 /* product.json */,
			);
			path = Data;
			sourceTree = "<group>";
		};
		B360C6F62BE22685003BD659 /* Model */ = {
			isa = PBXGroup;
			children = (
				B360C7062BE23E7B003BD659 /* PlayerModel.swift */,
				B360C70E2BE247B8003BD659 /* CategoryModel.swift */,
			);
			path = Model;
			sourceTree = "<group>";
		};
		B360C6F72BE22690003BD659 /* App */ = {
			isa = PBXGroup;
			children = (
				B360C6DD2BE22424003BD659 /* TouchdownApp.swift */,
				B360C6DF2BE22424003BD659 /* ContentView.swift */,
			);
			path = App;
			sourceTree = "<group>";
		};
		B360C6F82BE22696003BD659 /* View */ = {
			isa = PBXGroup;
			children = (
				B360C6FA2BE227F3003BD659 /* Home */,
				B360C6FB2BE227FA003BD659 /* Detail */,
			);
			path = View;
			sourceTree = "<group>";
		};
		B360C6FA2BE227F3003BD659 /* Home */ = {
			isa = PBXGroup;
			children = (
				B360C7022BE22DF0003BD659 /* NavigationBarView.swift */,
				B360C7042BE23174003BD659 /* LogoView.swift */,
				B360C7002BE229B0003BD659 /* FooterView.swift */,
				B360C70A2BE24219003BD659 /* FeaturedItemView.swift */,
				B360C70C2BE243AF003BD659 /* FeaturedTabView.swift */,
				B360C7102BE24A9E003BD659 /* CategoryItemView.swift */,
				B360C7122BE25043003BD659 /* CategoryGridView.swift */,
				B360C7142BE25355003BD659 /* SectionView.swift */,
			);
			path = Home;
			sourceTree = "<group>";
		};
		B360C6FB2BE227FA003BD659 /* Detail */ = {
			isa = PBXGroup;
			children = (
			);
			path = Detail;
			sourceTree = "<group>";
		};
		B360C6FC2BE2280E003BD659 /* Extension */ = {
			isa = PBXGroup;
			children = (
				B360C7082BE23EF3003BD659 /* CodableBundleExtension.swift */,
			);
			path = Extension;
			sourceTree = "<group>";
		};
		B360C6FD2BE2281E003BD659 /* Utility */ = {
			isa = PBXGroup;
			children = (
				B360C6FE2BE2285D003BD659 /* Constant.swift */,
			);
			path = Utility;
			sourceTree = "<group>";
		};
/* End PBXGroup section */

/* Begin PBXNativeTarget section */
		B360C6D92BE22424003BD659 /* Touchdown */ = {
			isa = PBXNativeTarget;
			buildConfigurationList = B360C6E82BE22424003BD659 /* Build configuration list for PBXNativeTarget "Touchdown" */;
			buildPhases = (
				B360C6D62BE22424003BD659 /* Sources */,
				B360C6D72BE22424003BD659 /* Frameworks */,
				B360C6D82BE22424003BD659 /* Resources */,
			);
			buildRules = (
			);
			dependencies = (
			);
			name = Touchdown;
			productName = Touchdown;
			productReference = B360C6DA2BE22424003BD659 /* Touchdown.app */;
			productType = "com.apple.product-type.application";
		};
/* End PBXNativeTarget section */

/* Begin PBXProject section */
		B360C6D22BE22424003BD659 /* Project object */ = {
			isa = PBXProject;
			attributes = {
				BuildIndependentTargetsInParallel = 1;
				LastSwiftUpdateCheck = 1530;
				LastUpgradeCheck = 1530;
				TargetAttributes = {
					B360C6D92BE22424003BD659 = {
						CreatedOnToolsVersion = 15.3;
					};
				};
			};
			buildConfigurationList = B360C6D52BE22424003BD659 /* Build configuration list for PBXProject "Touchdown" */;
			compatibilityVersion = "Xcode 14.0";
			developmentRegion = en;
			hasScannedForEncodings = 0;
			knownRegions = (
				en,
				Base,
			);
			mainGroup = B360C6D12BE22424003BD659;
			productRefGroup = B360C6DB2BE22424003BD659 /* Products */;
			projectDirPath = "";
			projectRoot = "";
			targets = (
				B360C6D92BE22424003BD659 /* Touchdown */,
			);
		};
/* End PBXProject section */

/* Begin PBXResourcesBuildPhase section */
		B360C6D82BE22424003BD659 /* Resources */ = {
			isa = PBXResourcesBuildPhase;
			buildActionMask = 2147483647;
			files = (
				B360C6F22BE22645003BD659 /* player.json in Resources */,
				B360C6E52BE22424003BD659 /* Preview Assets.xcassets in Resources */,
				B360C6F12BE22645003BD659 /* brand.json in Resources */,
				B360C6F32BE22645003BD659 /* category.json in Resources */,
				B360C6E22BE22424003BD659 /* Assets.xcassets in Resources */,
				B360C6F42BE22645003BD659 /* product.json in Resources */,
				B360C6EC2BE2246F003BD659 /* SwiftUI-App-Workbook-Touchdown.pdf in Resources */,
			);
			runOnlyForDeploymentPostprocessing = 0;
		};
/* End PBXResourcesBuildPhase section */

/* Begin PBXSourcesBuildPhase section */
		B360C6D62BE22424003BD659 /* Sources */ = {
			isa = PBXSourcesBuildPhase;
			buildActionMask = 2147483647;
			files = (
				B360C7092BE23EF3003BD659 /* CodableBundleExtension.swift in Sources */,
				B360C6E02BE22424003BD659 /* ContentView.swift in Sources */,
				B360C7052BE23174003BD659 /* LogoView.swift in Sources */,
				B360C7012BE229B0003BD659 /* FooterView.swift in Sources */,
				B360C70B2BE24219003BD659 /* FeaturedItemView.swift in Sources */,
				B360C6DE2BE22424003BD659 /* TouchdownApp.swift in Sources */,
				B360C6FF2BE2285D003BD659 /* Constant.swift in Sources */,
				B360C7132BE25043003BD659 /* CategoryGridView.swift in Sources */,
				B360C70F2BE247B8003BD659 /* CategoryModel.swift in Sources */,
				B360C7032BE22DF0003BD659 /* NavigationBarView.swift in Sources */,
				B360C7152BE25355003BD659 /* SectionView.swift in Sources */,
				B360C7112BE24A9E003BD659 /* CategoryItemView.swift in Sources */,
				B360C70D2BE243AF003BD659 /* FeaturedTabView.swift in Sources */,
				B360C7072BE23E7B003BD659 /* PlayerModel.swift in Sources */,
			);
			runOnlyForDeploymentPostprocessing = 0;
		};
/* End PBXSourcesBuildPhase section */

/* Begin XCBuildConfiguration section */
		B360C6E62BE22424003BD659 /* Debug */ = {
			isa = XCBuildConfiguration;
			buildSettings = {
				ALWAYS_SEARCH_USER_PATHS = NO;
				ASSETCATALOG_COMPILER_GENERATE_SWIFT_ASSET_SYMBOL_EXTENSIONS = YES;
				CLANG_ANALYZER_NONNULL = YES;
				CLANG_ANALYZER_NUMBER_OBJECT_CONVERSION = YES_AGGRESSIVE;
				CLANG_CXX_LANGUAGE_STANDARD = "gnu++20";
				CLANG_ENABLE_MODULES = YES;
				CLANG_ENABLE_OBJC_ARC = YES;
				CLANG_ENABLE_OBJC_WEAK = YES;
				CLANG_WARN_BLOCK_CAPTURE_AUTORELEASING = YES;
				CLANG_WARN_BOOL_CONVERSION = YES;
				CLANG_WARN_COMMA = YES;
				CLANG_WARN_CONSTANT_CONVERSION = YES;
				CLANG_WARN_DEPRECATED_OBJC_IMPLEMENTATIONS = YES;
				CLANG_WARN_DIRECT_OBJC_ISA_USAGE = YES_ERROR;
				CLANG_WARN_DOCUMENTATION_COMMENTS = YES;
				CLANG_WARN_EMPTY_BODY = YES;
				CLANG_WARN_ENUM_CONVERSION = YES;
				CLANG_WARN_INFINITE_RECURSION = YES;
				CLANG_WARN_INT_CONVERSION = YES;
				CLANG_WARN_NON_LITERAL_NULL_CONVERSION = YES;
				CLANG_WARN_OBJC_IMPLICIT_RETAIN_SELF = YES;
				CLANG_WARN_OBJC_LITERAL_CONVERSION = YES;
				CLANG_WARN_OBJC_ROOT_CLASS = YES_ERROR;
				CLANG_WARN_QUOTED_INCLUDE_IN_FRAMEWORK_HEADER = YES;
				CLANG_WARN_RANGE_LOOP_ANALYSIS = YES;
				CLANG_WARN_STRICT_PROTOTYPES = YES;
				CLANG_WARN_SUSPICIOUS_MOVE = YES;
				CLANG_WARN_UNGUARDED_AVAILABILITY = YES_AGGRESSIVE;
				CLANG_WARN_UNREACHABLE_CODE = YES;
				CLANG_WARN__DUPLICATE_METHOD_MATCH = YES;
				COPY_PHASE_STRIP = NO;
				DEBUG_INFORMATION_FORMAT = dwarf;
				ENABLE_STRICT_OBJC_MSGSEND = YES;
				ENABLE_TESTABILITY = YES;
				ENABLE_USER_SCRIPT_SANDBOXING = YES;
				GCC_C_LANGUAGE_STANDARD = gnu17;
				GCC_DYNAMIC_NO_PIC = NO;
				GCC_NO_COMMON_BLOCKS = YES;
				GCC_OPTIMIZATION_LEVEL = 0;
				GCC_PREPROCESSOR_DEFINITIONS = (
					"DEBUG=1",
					"$(inherited)",
				);
				GCC_WARN_64_TO_32_BIT_CONVERSION = YES;
				GCC_WARN_ABOUT_RETURN_TYPE = YES_ERROR;
				GCC_WARN_UNDECLARED_SELECTOR = YES;
				GCC_WARN_UNINITIALIZED_AUTOS = YES_AGGRESSIVE;
				GCC_WARN_UNUSED_FUNCTION = YES;
				GCC_WARN_UNUSED_VARIABLE = YES;
				IPHONEOS_DEPLOYMENT_TARGET = 17.4;
				LOCALIZATION_PREFERS_STRING_CATALOGS = YES;
				MTL_ENABLE_DEBUG_INFO = INCLUDE_SOURCE;
				MTL_FAST_MATH = YES;
				ONLY_ACTIVE_ARCH = YES;
				SDKROOT = iphoneos;
				SWIFT_ACTIVE_COMPILATION_CONDITIONS = "DEBUG $(inherited)";
				SWIFT_OPTIMIZATION_LEVEL = "-Onone";
			};
			name = Debug;
		};
		B360C6E72BE22424003BD659 /* Release */ = {
			isa = XCBuildConfiguration;
			buildSettings = {
				ALWAYS_SEARCH_USER_PATHS = NO;
				ASSETCATALOG_COMPILER_GENERATE_SWIFT_ASSET_SYMBOL_EXTENSIONS = YES;
				CLANG_ANALYZER_NONNULL = YES;
				CLANG_ANALYZER_NUMBER_OBJECT_CONVERSION = YES_AGGRESSIVE;
				CLANG_CXX_LANGUAGE_STANDARD = "gnu++20";
				CLANG_ENABLE_MODULES = YES;
				CLANG_ENABLE_OBJC_ARC = YES;
				CLANG_ENABLE_OBJC_WEAK = YES;
				CLANG_WARN_BLOCK_CAPTURE_AUTORELEASING = YES;
				CLANG_WARN_BOOL_CONVERSION = YES;
				CLANG_WARN_COMMA = YES;
				CLANG_WARN_CONSTANT_CONVERSION = YES;
				CLANG_WARN_DEPRECATED_OBJC_IMPLEMENTATIONS = YES;
				CLANG_WARN_DIRECT_OBJC_ISA_USAGE = YES_ERROR;
				CLANG_WARN_DOCUMENTATION_COMMENTS = YES;
				CLANG_WARN_EMPTY_BODY = YES;
				CLANG_WARN_ENUM_CONVERSION = YES;
				CLANG_WARN_INFINITE_RECURSION = YES;
				CLANG_WARN_INT_CONVERSION = YES;
				CLANG_WARN_NON_LITERAL_NULL_CONVERSION = YES;
				CLANG_WARN_OBJC_IMPLICIT_RETAIN_SELF = YES;
				CLANG_WARN_OBJC_LITERAL_CONVERSION = YES;
				CLANG_WARN_OBJC_ROOT_CLASS = YES_ERROR;
				CLANG_WARN_QUOTED_INCLUDE_IN_FRAMEWORK_HEADER = YES;
				CLANG_WARN_RANGE_LOOP_ANALYSIS = YES;
				CLANG_WARN_STRICT_PROTOTYPES = YES;
				CLANG_WARN_SUSPICIOUS_MOVE = YES;
				CLANG_WARN_UNGUARDED_AVAILABILITY = YES_AGGRESSIVE;
				CLANG_WARN_UNREACHABLE_CODE = YES;
				CLANG_WARN__DUPLICATE_METHOD_MATCH = YES;
				COPY_PHASE_STRIP = NO;
				DEBUG_INFORMATION_FORMAT = "dwarf-with-dsym";
				ENABLE_NS_ASSERTIONS = NO;
				ENABLE_STRICT_OBJC_MSGSEND = YES;
				ENABLE_USER_SCRIPT_SANDBOXING = YES;
				GCC_C_LANGUAGE_STANDARD = gnu17;
				GCC_NO_COMMON_BLOCKS = YES;
				GCC_WARN_64_TO_32_BIT_CONVERSION = YES;
				GCC_WARN_ABOUT_RETURN_TYPE = YES_ERROR;
				GCC_WARN_UNDECLARED_SELECTOR = YES;
				GCC_WARN_UNINITIALIZED_AUTOS = YES_AGGRESSIVE;
				GCC_WARN_UNUSED_FUNCTION = YES;
				GCC_WARN_UNUSED_VARIABLE = YES;
				IPHONEOS_DEPLOYMENT_TARGET = 17.4;
				LOCALIZATION_PREFERS_STRING_CATALOGS = YES;
				MTL_ENABLE_DEBUG_INFO = NO;
				MTL_FAST_MATH = YES;
				SDKROOT = iphoneos;
				SWIFT_COMPILATION_MODE = wholemodule;
				VALIDATE_PRODUCT = YES;
			};
			name = Release;
		};
		B360C6E92BE22424003BD659 /* Debug */ = {
			isa = XCBuildConfiguration;
			buildSettings = {
				ASSETCATALOG_COMPILER_APPICON_NAME = AppIcon;
				ASSETCATALOG_COMPILER_GLOBAL_ACCENT_COLOR_NAME = AccentColor;
				CODE_SIGN_STYLE = Automatic;
				CURRENT_PROJECT_VERSION = 1;
				DEVELOPMENT_ASSET_PATHS = "\"Touchdown/Preview Content\"";
				DEVELOPMENT_TEAM = 4M7X48WU4T;
				ENABLE_PREVIEWS = YES;
				GENERATE_INFOPLIST_FILE = YES;
				INFOPLIST_FILE = Touchdown/Info.plist;
				INFOPLIST_KEY_UIApplicationSceneManifest_Generation = YES;
				INFOPLIST_KEY_UIApplicationSupportsIndirectInputEvents = YES;
				INFOPLIST_KEY_UISupportedInterfaceOrientations = UIInterfaceOrientationPortrait;
				INFOPLIST_KEY_UIUserInterfaceStyle = Light;
				LD_RUNPATH_SEARCH_PATHS = (
					"$(inherited)",
					"@executable_path/Frameworks",
				);
				MARKETING_VERSION = 1.0;
				PRODUCT_BUNDLE_IDENTIFIER = com.yucho.Touchdown;
				PRODUCT_NAME = "$(TARGET_NAME)";
				SWIFT_EMIT_LOC_STRINGS = YES;
				SWIFT_VERSION = 5.0;
				TARGETED_DEVICE_FAMILY = "1,2";
			};
			name = Debug;
		};
		B360C6EA2BE22424003BD659 /* Release */ = {
			isa = XCBuildConfiguration;
			buildSettings = {
				ASSETCATALOG_COMPILER_APPICON_NAME = AppIcon;
				ASSETCATALOG_COMPILER_GLOBAL_ACCENT_COLOR_NAME = AccentColor;
				CODE_SIGN_STYLE = Automatic;
				CURRENT_PROJECT_VERSION = 1;
				DEVELOPMENT_ASSET_PATHS = "\"Touchdown/Preview Content\"";
				DEVELOPMENT_TEAM = 4M7X48WU4T;
				ENABLE_PREVIEWS = YES;
				GENERATE_INFOPLIST_FILE = YES;
				INFOPLIST_FILE = Touchdown/Info.plist;
				INFOPLIST_KEY_UIApplicationSceneManifest_Generation = YES;
				INFOPLIST_KEY_UIApplicationSupportsIndirectInputEvents = YES;
				INFOPLIST_KEY_UISupportedInterfaceOrientations = UIInterfaceOrientationPortrait;
				INFOPLIST_KEY_UIUserInterfaceStyle = Light;
				LD_RUNPATH_SEARCH_PATHS = (
					"$(inherited)",
					"@executable_path/Frameworks",
				);
				MARKETING_VERSION = 1.0;
				PRODUCT_BUNDLE_IDENTIFIER = com.yucho.Touchdown;
				PRODUCT_NAME = "$(TARGET_NAME)";
				SWIFT_EMIT_LOC_STRINGS = YES;
				SWIFT_VERSION = 5.0;
				TARGETED_DEVICE_FAMILY = "1,2";
			};
			name = Release;
		};
/* End XCBuildConfiguration section */

/* Begin XCConfigurationList section */
		B360C6D52BE22424003BD659 /* Build configuration list for PBXProject "Touchdown" */ = {
			isa = XCConfigurationList;
			buildConfigurations = (
				B360C6E62BE22424003BD659 /* Debug */,
				B360C6E72BE22424003BD659 /* Release */,
			);
			defaultConfigurationIsVisible = 0;
			defaultConfigurationName = Release;
		};
		B360C6E82BE22424003BD659 /* Build configuration list for PBXNativeTarget "Touchdown" */ = {
			isa = XCConfigurationList;
			buildConfigurations = (
				B360C6E92BE22424003BD659 /* Debug */,
				B360C6EA2BE22424003BD659 /* Release */,
			);
			defaultConfigurationIsVisible = 0;
			defaultConfigurationName = Release;
		};
/* End XCConfigurationList section */
	};
	rootObject = B360C6D22BE22424003BD659 /* Project object */;
}
